{
  "nodes": {
    "nixpkgs": {
      "locked": {
        "lastModified": 1747542820,
        "narHash": "sha256-GaOZntlJ6gPPbbkTLjbd8BMWaDYafhuuYRNrxCGnPJw=",
        "owner": "NixOS",
        "repo": "nixpkgs",
        "rev": "292fa7d4f6519c074f0a50394dbbe69859bb6043",
        "type": "github"
      },
      "original": {
        "owner": "NixOS",
        "ref": "nixos-unstable",
        "repo": "nixpkgs",
        "type": "github"
      }
    },
    "nixpkgs_p38": {
      "locked": {
        "lastModified": 1708814358,
        "narHash": "sha256-mYJwTy2TNTOXbxVtmhXDv98F2ORhxRzL1S6yw1+1G20=",
        "owner": "NixOS",
        "repo": "nixpkgs",
        "rev": "336eda0d07dc5e2be1f923990ad9fdb6bc8e28e3",
        "type": "github"
      },
      "original": {
        "owner": "NixOS",
        "repo": "nixpkgs",
        "rev": "336eda0d07dc5e2be1f923990ad9fdb6bc8e28e3",
        "type": "github"
      }
    },
    "root": {
      "inputs": {
        "nixpkgs": "nixpkgs",
        "nixpkgs_p38": "nixpkgs_p38"
      }
    }
  },
  "root": "root",
  "version": 7
}
